
Microsoft Visual Studio Solution File, Format Version 12.00
# Visual Studio Version 17
VisualStudioVersion = 17.0.31903.59
MinimumVisualStudioVersion = 10.0.40219.1
Project("{FAE04EC0-301F-11D3-BF4B-00C04F79EFBC}") = "day-01", "day-01\day-01.csproj", "{D0CB23CA-89A9-43B2-9EA9-166E484D07AD}"
EndProject
Project("{FAE04EC0-301F-11D3-BF4B-00C04F79EFBC}") = "day-02", "day-02\day-02.csproj", "{DA2CB9B6-8DE0-49E5-A9DA-CEFFD37326FC}"
EndProject
Project("{FAE04EC0-301F-11D3-BF4B-00C04F79EFBC}") = "day-03", "day-03\day-03.csproj", "{09CEB638-F20F-4607-BECD-CB8CD21B91E8}"
EndProject
Project("{FAE04EC0-301F-11D3-BF4B-00C04F79EFBC}") = "day-04", "day-04\day-04.csproj", "{AD839DB6-AB0E-4B7C-A5A3-76C90E025940}"
EndProject
Project("{FAE04EC0-301F-11D3-BF4B-00C04F79EFBC}") = "day-05", "day-05\day-05.csproj", "{A3019625-B26F-49BF-BCAD-557393E6B39E}"
EndProject
Global
	GlobalSection(SolutionConfigurationPlatforms) = preSolution
		Debug|Any CPU = Debug|Any CPU
		Release|Any CPU = Release|Any CPU
	EndGlobalSection
	GlobalSection(SolutionProperties) = preSolution
		HideSolutionNode = FALSE
	EndGlobalSection
	GlobalSection(ProjectConfigurationPlatforms) = postSolution
		{D0CB23CA-89A9-43B2-9EA9-166E484D07AD}.Debug|Any CPU.ActiveCfg = Debug|Any CPU
		{D0CB23CA-89A9-43B2-9EA9-166E484D07AD}.Debug|Any CPU.Build.0 = Debug|Any CPU
		{D0CB23CA-89A9-43B2-9EA9-166E484D07AD}.Release|Any CPU.ActiveCfg = Release|Any CPU
		{D0CB23CA-89A9-43B2-9EA9-166E484D07AD}.Release|Any CPU.Build.0 = Release|Any CPU
		{DA2CB9B6-8DE0-49E5-A9DA-CEFFD37326FC}.Debug|Any CPU.ActiveCfg = Debug|Any CPU
		{DA2CB9B6-8DE0-49E5-A9DA-CEFFD37326FC}.Debug|Any CPU.Build.0 = Debug|Any CPU
		{DA2CB9B6-8DE0-49E5-A9DA-CEFFD37326FC}.Release|Any CPU.ActiveCfg = Release|Any CPU
		{DA2CB9B6-8DE0-49E5-A9DA-CEFFD37326FC}.Release|Any CPU.Build.0 = Release|Any CPU
		{09CEB638-F20F-4607-BECD-CB8CD21B91E8}.Debug|Any CPU.ActiveCfg = Debug|Any CPU
		{09CEB638-F20F-4607-BECD-CB8CD21B91E8}.Debug|Any CPU.Build.0 = Debug|Any CPU
		{09CEB638-F20F-4607-BECD-CB8CD21B91E8}.Release|Any CPU.ActiveCfg = Release|Any CPU
		{09CEB638-F20F-4607-BECD-CB8CD21B91E8}.Release|Any CPU.Build.0 = Release|Any CPU
		{AD839DB6-AB0E-4B7C-A5A3-76C90E025940}.Debug|Any CPU.ActiveCfg = Debug|Any CPU
		{AD839DB6-AB0E-4B7C-A5A3-76C90E025940}.Debug|Any CPU.Build.0 = Debug|Any CPU
		{AD839DB6-AB0E-4B7C-A5A3-76C90E025940}.Release|Any CPU.ActiveCfg = Release|Any CPU
		{AD839DB6-AB0E-4B7C-A5A3-76C90E025940}.Release|Any CPU.Build.0 = Release|Any CPU
		{A3019625-B26F-49BF-BCAD-557393E6B39E}.Debug|Any CPU.ActiveCfg = Debug|Any CPU
		{A3019625-B26F-49BF-BCAD-557393E6B39E}.Debug|Any CPU.Build.0 = Debug|Any CPU
		{A3019625-B26F-49BF-BCAD-557393E6B39E}.Release|Any CPU.ActiveCfg = Release|Any CPU
		{A3019625-B26F-49BF-BCAD-557393E6B39E}.Release|Any CPU.Build.0 = Release|Any CPU
	EndGlobalSection
EndGlobal
